{
  "nodes": {
    "emacs-overlay": {
      "inputs": {
        "flake-utils": "flake-utils",
        "nixpkgs": "nixpkgs"
      },
      "locked": {
        "lastModified": 1668392064,
        "narHash": "sha256-9uK2WsZNBJgEEY3xkRPYUrVaQf5izYDd742pAT/LuFc=",
        "owner": "nix-community",
        "repo": "emacs-overlay",
        "rev": "6cee62d984b76a01998ec7961277f650574aef61",
        "type": "github"
      },
      "original": {
        "owner": "nix-community",
        "repo": "emacs-overlay",
        "type": "github"
      }
    },
    "flake-utils": {
      "locked": {
        "lastModified": 1667395993,
        "narHash": "sha256-nuEHfE/LcWyuSWnS8t12N1wc105Qtau+/OdUAjtQ0rA=",
        "owner": "numtide",
        "repo": "flake-utils",
        "rev": "5aed5285a952e0b949eb3ba02c12fa4fcfef535f",
        "type": "github"
      },
      "original": {
        "owner": "numtide",
        "repo": "flake-utils",
        "type": "github"
      }
    },
    "home-manager": {
      "inputs": {
        "nixpkgs": [
          "nixpkgs"
        ],
        "utils": "utils"
      },
      "locked": {
        "lastModified": 1668332334,
        "narHash": "sha256-YT1qcE/MCqBO1Bi/Yr6GcFpNKsvmzrBKh8juyXDbxQc=",
        "owner": "rycee",
        "repo": "home-manager",
        "rev": "bc90de24d898655542589237cc0a6ada7564cb6c",
        "type": "github"
      },
      "original": {
        "owner": "rycee",
        "ref": "master",
        "repo": "home-manager",
        "type": "github"
      }
    },
    "nixos-hardware": {
      "locked": {
        "lastModified": 1668334946,
        "narHash": "sha256-omMbUj4r5DVBWh7KxkoO/Z/1V1shVR6Ls4jXNB4mr3U=",
        "owner": "nixos",
        "repo": "nixos-hardware",
        "rev": "e0452b33ab0ef16ffe075e980644ed92a6a200bb",
        "type": "github"
      },
      "original": {
        "owner": "nixos",
        "repo": "nixos-hardware",
        "type": "github"
      }
    },
    "nixpkgs": {
      "locked": {
        "lastModified": 1666603677,
        "narHash": "sha256-apAEIj+z1iwMaMJ4tB21r/VTetfGDLDzuhXRHJknIAU=",
        "path": "/nix/store/n2vs91b24vp5h01f99g7vwfcbk6h2mxh-source",
        "rev": "074da18a72269cc5a6cf444dce42daea5649b2fe",
        "type": "path"
      },
      "original": {
        "id": "nixpkgs",
        "type": "indirect"
      }
    },
    "nixpkgs-local": {
      "locked": {
        "lastModified": 1665385675,
        "narHash": "sha256-y72BINnciU+Sy0MWs3W6omvtt6x9usyDduEEwQuIS0g=",
        "owner": "michielboekhoff",
        "repo": "nixpkgs",
        "rev": "09dd899bf3882d364f2d49140514be36467a9a81",
        "type": "github"
      },
      "original": {
        "owner": "michielboekhoff",
        "ref": "google-cloud-sdk-numpy",
        "repo": "nixpkgs",
        "type": "github"
      }
    },
    "nixpkgs_2": {
      "locked": {
        "lastModified": 1668420162,
        "narHash": "sha256-vCO6AcUW1XGB2xiUEYwIjwqtE42oC7tM+Fepjok5HFw=",
        "owner": "NixOS",
        "repo": "nixpkgs",
        "rev": "0baed3d787e16ac752e62b08ecf8e45ce4dfa1bb",
        "type": "github"
      },
      "original": {
        "owner": "NixOS",
        "repo": "nixpkgs",
        "type": "github"
      }
    },
    "root": {
      "inputs": {
        "emacs-overlay": "emacs-overlay",
        "home-manager": "home-manager",
        "nixos-hardware": "nixos-hardware",
        "nixpkgs": "nixpkgs_2",
        "nixpkgs-local": "nixpkgs-local"
      }
    },
    "utils": {
      "locked": {
        "lastModified": 1667395993,
        "narHash": "sha256-nuEHfE/LcWyuSWnS8t12N1wc105Qtau+/OdUAjtQ0rA=",
        "owner": "numtide",
        "repo": "flake-utils",
        "rev": "5aed5285a952e0b949eb3ba02c12fa4fcfef535f",
        "type": "github"
      },
      "original": {
        "owner": "numtide",
        "repo": "flake-utils",
        "type": "github"
      }
    }
  },
  "root": "root",
  "version": 7
}
