{
  "nodes": {
    "emacs-overlay": {
      "locked": {
        "lastModified": 1641810687,
        "narHash": "sha256-+ToGeUXg+AAoRK+VsklbEc/ddkqasVDgn/FiXWIyv50=",
        "owner": "nix-community",
        "repo": "emacs-overlay",
        "rev": "e09be5b38c8d4c7edcbc94e273b6a6427b2d8f68",
        "type": "github"
      },
      "original": {
        "owner": "nix-community",
        "repo": "emacs-overlay",
        "type": "github"
      }
    },
    "home-manager": {
      "inputs": {
        "nixpkgs": [
          "nixpkgs"
        ]
      },
      "locked": {
        "lastModified": 1641799033,
        "narHash": "sha256-f7/p46rC65buVGk7OHb9sxJ+kF1xzs3NUuLZExoqCqY=",
        "owner": "rycee",
        "repo": "home-manager",
        "rev": "f3be3cda6a69365f2acecc201b3cd1ee4f6d4614",
        "type": "github"
      },
      "original": {
        "owner": "rycee",
        "ref": "master",
        "repo": "home-manager",
        "type": "github"
      }
    },
    "nixos-hardware": {
      "locked": {
        "lastModified": 1641773956,
        "narHash": "sha256-QrhDnuTcKo5TMhC5kq/41iE61HHGJP2QnpHiK9htEGc=",
        "owner": "nixos",
        "repo": "nixos-hardware",
        "rev": "6fbaa46f15a2b65529352403cb236b9923b68ed4",
        "type": "github"
      },
      "original": {
        "owner": "nixos",
        "repo": "nixos-hardware",
        "type": "github"
      }
    },
    "nixpkgs": {
      "locked": {
        "lastModified": 1641825640,
        "narHash": "sha256-ssBy2OYRB8uMGxWzJ4tfKn2RvTV/swvYO5VEZATx98Q=",
        "owner": "NixOS",
        "repo": "nixpkgs",
        "rev": "bbb703f8cfee8353d142fa8cfb273ab3fb3922c6",
        "type": "github"
      },
      "original": {
        "owner": "NixOS",
        "repo": "nixpkgs",
        "type": "github"
      }
    },
    "nixpkgs-unstable": {
      "locked": {
        "lastModified": 1641825640,
        "narHash": "sha256-ssBy2OYRB8uMGxWzJ4tfKn2RvTV/swvYO5VEZATx98Q=",
        "owner": "NixOS",
        "repo": "nixpkgs",
        "rev": "bbb703f8cfee8353d142fa8cfb273ab3fb3922c6",
        "type": "github"
      },
      "original": {
        "id": "nixpkgs",
        "ref": "master",
        "type": "indirect"
      }
    },
    "root": {
      "inputs": {
        "emacs-overlay": "emacs-overlay",
        "home-manager": "home-manager",
        "nixos-hardware": "nixos-hardware",
        "nixpkgs": "nixpkgs",
        "nixpkgs-unstable": "nixpkgs-unstable"
      }
    }
  },
  "root": "root",
  "version": 7
}
