{
  "nodes": {
    "emacs-overlay": {
      "locked": {
        "lastModified": 1648234020,
        "narHash": "sha256-Z73Vfa3cmUAxvxihSJ9jl7WEauSPlvkTz8zhGxvtPPg=",
        "owner": "nix-community",
        "repo": "emacs-overlay",
        "rev": "290037a17d773073bd4237f92732f850c7b9a160",
        "type": "github"
      },
      "original": {
        "owner": "nix-community",
        "repo": "emacs-overlay",
        "type": "github"
      }
    },
    "home-manager": {
      "inputs": {
        "nixpkgs": [
          "nixpkgs"
        ]
      },
      "locked": {
        "lastModified": 1648078876,
        "narHash": "sha256-oa3RA0Z0UwEZ1M5kQOT9oUVd4ew3XePOu2oDTenFd98=",
        "owner": "rycee",
        "repo": "home-manager",
        "rev": "ac9404115362c901ffe5c5c215f76f74b79d5eda",
        "type": "github"
      },
      "original": {
        "owner": "rycee",
        "ref": "master",
        "repo": "home-manager",
        "type": "github"
      }
    },
    "nixos-hardware": {
      "locked": {
        "lastModified": 1648141026,
        "narHash": "sha256-h8e3+5EZFbYHTMb0DN2ACuQTJBNHpqigvmEV1w2WIuE=",
        "owner": "nixos",
        "repo": "nixos-hardware",
        "rev": "feceb4d24f582817d8f6e737cd40af9e162dee05",
        "type": "github"
      },
      "original": {
        "owner": "nixos",
        "repo": "nixos-hardware",
        "type": "github"
      }
    },
    "nixpkgs": {
      "locked": {
        "lastModified": 1648246394,
        "narHash": "sha256-xJROR3a1KLw3ll4yBF2IfUY2bZYd0gkhMH/zi1F3qUs=",
        "owner": "NixOS",
        "repo": "nixpkgs",
        "rev": "a15467886a7e06c72bfb62ac2b82f1196dfc22cb",
        "type": "github"
      },
      "original": {
        "owner": "NixOS",
        "repo": "nixpkgs",
        "type": "github"
      }
    },
    "nixpkgs-unstable": {
      "locked": {
        "lastModified": 1648246394,
        "narHash": "sha256-xJROR3a1KLw3ll4yBF2IfUY2bZYd0gkhMH/zi1F3qUs=",
        "owner": "NixOS",
        "repo": "nixpkgs",
        "rev": "a15467886a7e06c72bfb62ac2b82f1196dfc22cb",
        "type": "github"
      },
      "original": {
        "id": "nixpkgs",
        "ref": "master",
        "type": "indirect"
      }
    },
    "root": {
      "inputs": {
        "emacs-overlay": "emacs-overlay",
        "home-manager": "home-manager",
        "nixos-hardware": "nixos-hardware",
        "nixpkgs": "nixpkgs",
        "nixpkgs-unstable": "nixpkgs-unstable"
      }
    }
  },
  "root": "root",
  "version": 7
}
